
Microsoft Visual Studio Solution File, Format Version 12.00
# Visual Studio Version 16
VisualStudioVersion = 16.0.30523.141
MinimumVisualStudioVersion = 10.0.40219.1
Project("{9A19103F-16F7-4668-BE54-9A1E7A4F7556}") = "projekt_IO", "projekt_IO\projekt_IO.csproj", "{850E8574-A4D0-41A9-9EF3-0E88821E7C0A}"
EndProject
Project("{2150E333-8FDC-42A3-9474-1A3956D46DE8}") = "Library", "Library", "{205940D2-EE0A-4720-AC80-A1845F0C6FDB}"
EndProject
Project("{2150E333-8FDC-42A3-9474-1A3956D46DE8}") = "Tests", "Tests", "{A4374EA6-4F18-4AA4-A149-2C9D1576FA7A}"
EndProject
Project("{9A19103F-16F7-4668-BE54-9A1E7A4F7556}") = "ThesisTest", "ThesisTest\ThesisTest.csproj", "{31AD7863-7A0A-47AC-93D6-C3EFBD07BF6E}"
EndProject
Project("{9A19103F-16F7-4668-BE54-9A1E7A4F7556}") = "NotifierTest", "NotifierTest\NotifierTest.csproj", "{598025BB-C620-4EE8-8510-7AFD351B7524}"
EndProject
Project("{9A19103F-16F7-4668-BE54-9A1E7A4F7556}") = "StudentTest", "StudentTest\StudentTest.csproj", "{27154333-463F-4814-A99F-8C9549705C95}"
EndProject
Project("{9A19103F-16F7-4668-BE54-9A1E7A4F7556}") = "UniversityEmployeeTest", "UniversityEmployeeTest\UniversityEmployeeTest.csproj", "{7A4745CD-4C07-4DB0-8250-A99B2C4DEC00}"
EndProject
Project("{9A19103F-16F7-4668-BE54-9A1E7A4F7556}") = "ReviewTest", "ReviewTest\ReviewTest.csproj", "{687855A7-FB2B-492B-B3BC-54989121647E}"
EndProject
Project("{9A19103F-16F7-4668-BE54-9A1E7A4F7556}") = "OpinionTest", "OpinionTest\OpinionTest.csproj", "{0BCBABE7-CEF5-4309-B446-4EA2C8665630}"
EndProject
Global
	GlobalSection(SolutionConfigurationPlatforms) = preSolution
		Debug|Any CPU = Debug|Any CPU
		Release|Any CPU = Release|Any CPU
	EndGlobalSection
	GlobalSection(ProjectConfigurationPlatforms) = postSolution
		{850E8574-A4D0-41A9-9EF3-0E88821E7C0A}.Debug|Any CPU.ActiveCfg = Debug|Any CPU
		{850E8574-A4D0-41A9-9EF3-0E88821E7C0A}.Debug|Any CPU.Build.0 = Debug|Any CPU
		{850E8574-A4D0-41A9-9EF3-0E88821E7C0A}.Release|Any CPU.ActiveCfg = Release|Any CPU
		{850E8574-A4D0-41A9-9EF3-0E88821E7C0A}.Release|Any CPU.Build.0 = Release|Any CPU
		{31AD7863-7A0A-47AC-93D6-C3EFBD07BF6E}.Debug|Any CPU.ActiveCfg = Debug|Any CPU
		{31AD7863-7A0A-47AC-93D6-C3EFBD07BF6E}.Debug|Any CPU.Build.0 = Debug|Any CPU
		{31AD7863-7A0A-47AC-93D6-C3EFBD07BF6E}.Release|Any CPU.ActiveCfg = Release|Any CPU
		{31AD7863-7A0A-47AC-93D6-C3EFBD07BF6E}.Release|Any CPU.Build.0 = Release|Any CPU
		{598025BB-C620-4EE8-8510-7AFD351B7524}.Debug|Any CPU.ActiveCfg = Debug|Any CPU
		{598025BB-C620-4EE8-8510-7AFD351B7524}.Debug|Any CPU.Build.0 = Debug|Any CPU
		{598025BB-C620-4EE8-8510-7AFD351B7524}.Release|Any CPU.ActiveCfg = Release|Any CPU
		{598025BB-C620-4EE8-8510-7AFD351B7524}.Release|Any CPU.Build.0 = Release|Any CPU
		{27154333-463F-4814-A99F-8C9549705C95}.Debug|Any CPU.ActiveCfg = Debug|Any CPU
		{27154333-463F-4814-A99F-8C9549705C95}.Debug|Any CPU.Build.0 = Debug|Any CPU
		{27154333-463F-4814-A99F-8C9549705C95}.Release|Any CPU.ActiveCfg = Release|Any CPU
		{27154333-463F-4814-A99F-8C9549705C95}.Release|Any CPU.Build.0 = Release|Any CPU
		{7A4745CD-4C07-4DB0-8250-A99B2C4DEC00}.Debug|Any CPU.ActiveCfg = Debug|Any CPU
		{7A4745CD-4C07-4DB0-8250-A99B2C4DEC00}.Debug|Any CPU.Build.0 = Debug|Any CPU
		{7A4745CD-4C07-4DB0-8250-A99B2C4DEC00}.Release|Any CPU.ActiveCfg = Release|Any CPU
		{7A4745CD-4C07-4DB0-8250-A99B2C4DEC00}.Release|Any CPU.Build.0 = Release|Any CPU
		{687855A7-FB2B-492B-B3BC-54989121647E}.Debug|Any CPU.ActiveCfg = Debug|Any CPU
		{687855A7-FB2B-492B-B3BC-54989121647E}.Debug|Any CPU.Build.0 = Debug|Any CPU
		{687855A7-FB2B-492B-B3BC-54989121647E}.Release|Any CPU.ActiveCfg = Release|Any CPU
		{687855A7-FB2B-492B-B3BC-54989121647E}.Release|Any CPU.Build.0 = Release|Any CPU
		{0BCBABE7-CEF5-4309-B446-4EA2C8665630}.Debug|Any CPU.ActiveCfg = Debug|Any CPU
		{0BCBABE7-CEF5-4309-B446-4EA2C8665630}.Debug|Any CPU.Build.0 = Debug|Any CPU
		{0BCBABE7-CEF5-4309-B446-4EA2C8665630}.Release|Any CPU.ActiveCfg = Release|Any CPU
		{0BCBABE7-CEF5-4309-B446-4EA2C8665630}.Release|Any CPU.Build.0 = Release|Any CPU
	EndGlobalSection
	GlobalSection(SolutionProperties) = preSolution
		HideSolutionNode = FALSE
	EndGlobalSection
	GlobalSection(NestedProjects) = preSolution
		{850E8574-A4D0-41A9-9EF3-0E88821E7C0A} = {205940D2-EE0A-4720-AC80-A1845F0C6FDB}
		{31AD7863-7A0A-47AC-93D6-C3EFBD07BF6E} = {A4374EA6-4F18-4AA4-A149-2C9D1576FA7A}
		{598025BB-C620-4EE8-8510-7AFD351B7524} = {A4374EA6-4F18-4AA4-A149-2C9D1576FA7A}
		{27154333-463F-4814-A99F-8C9549705C95} = {A4374EA6-4F18-4AA4-A149-2C9D1576FA7A}
		{7A4745CD-4C07-4DB0-8250-A99B2C4DEC00} = {A4374EA6-4F18-4AA4-A149-2C9D1576FA7A}
		{687855A7-FB2B-492B-B3BC-54989121647E} = {A4374EA6-4F18-4AA4-A149-2C9D1576FA7A}
		{0BCBABE7-CEF5-4309-B446-4EA2C8665630} = {A4374EA6-4F18-4AA4-A149-2C9D1576FA7A}
	EndGlobalSection
	GlobalSection(ExtensibilityGlobals) = postSolution
		SolutionGuid = {2CC422B0-C384-4C20-ACE5-E83FB5A05173}
	EndGlobalSection
EndGlobal
